
Microsoft Visual Studio Solution File, Format Version 12.00
Project("{FAE04EC0-301F-11D3-BF4B-00C04F79EFBC}") = "RandazzoExam", "RandazzoExam\RandazzoExam.csproj", "{0E4D3384-7D61-4C73-A751-1F7512BC80FB}"
EndProject
Global
	GlobalSection(SolutionConfigurationPlatforms) = preSolution
		Debug|Any CPU = Debug|Any CPU
		Release|Any CPU = Release|Any CPU
	EndGlobalSection
	GlobalSection(ProjectConfigurationPlatforms) = postSolution
		{0E4D3384-7D61-4C73-A751-1F7512BC80FB}.Debug|Any CPU.ActiveCfg = Debug|Any CPU
		{0E4D3384-7D61-4C73-A751-1F7512BC80FB}.Debug|Any CPU.Build.0 = Debug|Any CPU
		{0E4D3384-7D61-4C73-A751-1F7512BC80FB}.Release|Any CPU.ActiveCfg = Release|Any CPU
		{0E4D3384-7D61-4C73-A751-1F7512BC80FB}.Release|Any CPU.Build.0 = Release|Any CPU
	EndGlobalSection
EndGlobal
